
Microsoft Visual Studio Solution File, Format Version 12.00
# Visual Studio Version 17
VisualStudioVersion = 17.10.35027.167
MinimumVisualStudioVersion = 10.0.40219.1
Project("{FAE04EC0-301F-11D3-BF4B-00C04F79EFBC}") = "RefitSample", "RefitSample.csproj", "{981B7CBC-4FE4-4986-AE88-52A490D04382}"
EndProject
Global
	GlobalSection(SolutionConfigurationPlatforms) = preSolution
		Debug|Any CPU = Debug|Any CPU
		Release|Any CPU = Release|Any CPU
	EndGlobalSection
	GlobalSection(ProjectConfigurationPlatforms) = postSolution
		{981B7CBC-4FE4-4986-AE88-52A490D04382}.Debug|Any CPU.ActiveCfg = Debug|Any CPU
		{981B7CBC-4FE4-4986-AE88-52A490D04382}.Debug|Any CPU.Build.0 = Debug|Any CPU
		{981B7CBC-4FE4-4986-AE88-52A490D04382}.Release|Any CPU.ActiveCfg = Release|Any CPU
		{981B7CBC-4FE4-4986-AE88-52A490D04382}.Release|Any CPU.Build.0 = Release|Any CPU
	EndGlobalSection
	GlobalSection(SolutionProperties) = preSolution
		HideSolutionNode = FALSE
	EndGlobalSection
	GlobalSection(ExtensibilityGlobals) = postSolution
		SolutionGuid = {0FD5D545-1480-44F8-8299-0155A00F50DF}
	EndGlobalSection
EndGlobal
